
Microsoft Visual Studio Solution File, Format Version 12.00
# Visual Studio Version 16
VisualStudioVersion = 16.0.29519.87
MinimumVisualStudioVersion = 10.0.40219.1
Project("{9A19103F-16F7-4668-BE54-9A1E7A4F7556}") = "appointmentcalendar", "appointmentcalendar\appointmentcalendar.csproj", "{6DD0DCD6-636A-4947-AD2F-8E17E3845586}"
EndProject
Global
	GlobalSection(SolutionConfigurationPlatforms) = preSolution
		Debug|Any CPU = Debug|Any CPU
		Release|Any CPU = Release|Any CPU
	EndGlobalSection
	GlobalSection(ProjectConfigurationPlatforms) = postSolution
		{6DD0DCD6-636A-4947-AD2F-8E17E3845586}.Debug|Any CPU.ActiveCfg = Debug|Any CPU
		{6DD0DCD6-636A-4947-AD2F-8E17E3845586}.Debug|Any CPU.Build.0 = Debug|Any CPU
		{6DD0DCD6-636A-4947-AD2F-8E17E3845586}.Release|Any CPU.ActiveCfg = Release|Any CPU
		{6DD0DCD6-636A-4947-AD2F-8E17E3845586}.Release|Any CPU.Build.0 = Release|Any CPU
	EndGlobalSection
	GlobalSection(SolutionProperties) = preSolution
		HideSolutionNode = FALSE
	EndGlobalSection
	GlobalSection(ExtensibilityGlobals) = postSolution
		SolutionGuid = {46EB1050-72A8-412C-B039-392DBE72C441}
	EndGlobalSection
EndGlobal
